
Microsoft Visual Studio Solution File, Format Version 12.00
# Visual Studio Version 16
VisualStudioVersion = 16.0.31105.61
MinimumVisualStudioVersion = 10.0.40219.1
Project("{2150E333-8FDC-42A3-9474-1A3956D46DE8}") = "Services", "Services", "{FE4F717B-BC34-4EA6-865B-19D542944C09}"
EndProject
Project("{2150E333-8FDC-42A3-9474-1A3956D46DE8}") = "WebApps", "WebApps", "{7C96DC11-AED0-4419-A3C8-E0C8644F9BCF}"
EndProject
Project("{2150E333-8FDC-42A3-9474-1A3956D46DE8}") = "Cadastros", "Cadastros", "{FF7BFBBC-A274-4193-B4DE-4F98EEED3055}"
EndProject
Project("{2150E333-8FDC-42A3-9474-1A3956D46DE8}") = "Catalogo", "Catalogo", "{01A9F8C5-C1E3-47F7-A7B5-CE512D4D435E}"
EndProject
Project("{2150E333-8FDC-42A3-9474-1A3956D46DE8}") = "Core", "Core", "{3F38BD50-2864-4799-B6F7-F0AC3B03E07C}"
EndProject
Project("{2150E333-8FDC-42A3-9474-1A3956D46DE8}") = "Fiscal", "Fiscal", "{854A7BFA-EFB4-46F7-A98B-6D5170DB8183}"
EndProject
Project("{2150E333-8FDC-42A3-9474-1A3956D46DE8}") = "Pagamentos", "Pagamentos", "{BABD1B94-F85D-46A3-AF10-C11DC7D00B8C}"
EndProject
Project("{2150E333-8FDC-42A3-9474-1A3956D46DE8}") = "Vendas", "Vendas", "{4382CC52-0D77-4B28-8755-9AE757F19F6A}"
EndProject
Project("{FAE04EC0-301F-11D3-BF4B-00C04F79EFBC}") = "Store.Catalogo.Domain", "src\Store.Catalogo.Domain\Store.Catalogo.Domain.csproj", "{443927E9-E311-437D-B656-E6CED66493B4}"
EndProject
Project("{FAE04EC0-301F-11D3-BF4B-00C04F79EFBC}") = "Store.Core", "Store.Core\Store.Core.csproj", "{6DD10BB8-9A6F-4850-8893-56A4DB630630}"
EndProject
Global
	GlobalSection(SolutionConfigurationPlatforms) = preSolution
		Debug|Any CPU = Debug|Any CPU
		Release|Any CPU = Release|Any CPU
	EndGlobalSection
	GlobalSection(ProjectConfigurationPlatforms) = postSolution
		{443927E9-E311-437D-B656-E6CED66493B4}.Debug|Any CPU.ActiveCfg = Debug|Any CPU
		{443927E9-E311-437D-B656-E6CED66493B4}.Debug|Any CPU.Build.0 = Debug|Any CPU
		{443927E9-E311-437D-B656-E6CED66493B4}.Release|Any CPU.ActiveCfg = Release|Any CPU
		{443927E9-E311-437D-B656-E6CED66493B4}.Release|Any CPU.Build.0 = Release|Any CPU
		{6DD10BB8-9A6F-4850-8893-56A4DB630630}.Debug|Any CPU.ActiveCfg = Debug|Any CPU
		{6DD10BB8-9A6F-4850-8893-56A4DB630630}.Debug|Any CPU.Build.0 = Debug|Any CPU
		{6DD10BB8-9A6F-4850-8893-56A4DB630630}.Release|Any CPU.ActiveCfg = Release|Any CPU
		{6DD10BB8-9A6F-4850-8893-56A4DB630630}.Release|Any CPU.Build.0 = Release|Any CPU
	EndGlobalSection
	GlobalSection(SolutionProperties) = preSolution
		HideSolutionNode = FALSE
	EndGlobalSection
	GlobalSection(NestedProjects) = preSolution
		{FF7BFBBC-A274-4193-B4DE-4F98EEED3055} = {FE4F717B-BC34-4EA6-865B-19D542944C09}
		{01A9F8C5-C1E3-47F7-A7B5-CE512D4D435E} = {FE4F717B-BC34-4EA6-865B-19D542944C09}
		{3F38BD50-2864-4799-B6F7-F0AC3B03E07C} = {FE4F717B-BC34-4EA6-865B-19D542944C09}
		{854A7BFA-EFB4-46F7-A98B-6D5170DB8183} = {FE4F717B-BC34-4EA6-865B-19D542944C09}
		{BABD1B94-F85D-46A3-AF10-C11DC7D00B8C} = {FE4F717B-BC34-4EA6-865B-19D542944C09}
		{4382CC52-0D77-4B28-8755-9AE757F19F6A} = {FE4F717B-BC34-4EA6-865B-19D542944C09}
		{443927E9-E311-437D-B656-E6CED66493B4} = {01A9F8C5-C1E3-47F7-A7B5-CE512D4D435E}
		{6DD10BB8-9A6F-4850-8893-56A4DB630630} = {3F38BD50-2864-4799-B6F7-F0AC3B03E07C}
	EndGlobalSection
	GlobalSection(ExtensibilityGlobals) = postSolution
		SolutionGuid = {A16F7DA3-68B6-4B8A-BB98-31BDAB215FFD}
	EndGlobalSection
EndGlobal
